
Microsoft Visual Studio Solution File, Format Version 12.00
# Visual Studio Version 16
VisualStudioVersion = 16.0.30804.86
MinimumVisualStudioVersion = 10.0.40219.1
Project("{9A19103F-16F7-4668-BE54-9A1E7A4F7556}") = "NotesApp.Services", "NotesApp.Services\NotesApp.Services.csproj", "{B60944F9-9048-42EA-9B89-4B29C465264C}"
EndProject
Project("{9A19103F-16F7-4668-BE54-9A1E7A4F7556}") = "NotesApp.Tools", "NotesApp.Tools\NotesApp.Tools.csproj", "{AA875F1D-C102-4988-80C6-593A4C3AB167}"
EndProject
Project("{FAE04EC0-301F-11D3-BF4B-00C04F79EFBC}") = "NotesApp.Services.Test", "NotesApp.Services.Test\NotesApp.Services.Test.csproj", "{688555C8-8916-46BD-9B04-447FC74E780C}"
EndProject
Project("{FAE04EC0-301F-11D3-BF4B-00C04F79EFBC}") = "NotesApp.Tools.Test", "NotesApp.Tools.Test\NotesApp.Tools.Test.csproj", "{AC80223A-A104-4720-B9FD-DFABE2565D5E}"
EndProject
Global
	GlobalSection(SolutionConfigurationPlatforms) = preSolution
		Debug|Any CPU = Debug|Any CPU
		Release|Any CPU = Release|Any CPU
	EndGlobalSection
	GlobalSection(ProjectConfigurationPlatforms) = postSolution
		{B60944F9-9048-42EA-9B89-4B29C465264C}.Debug|Any CPU.ActiveCfg = Debug|Any CPU
		{B60944F9-9048-42EA-9B89-4B29C465264C}.Debug|Any CPU.Build.0 = Debug|Any CPU
		{B60944F9-9048-42EA-9B89-4B29C465264C}.Release|Any CPU.ActiveCfg = Release|Any CPU
		{B60944F9-9048-42EA-9B89-4B29C465264C}.Release|Any CPU.Build.0 = Release|Any CPU
		{AA875F1D-C102-4988-80C6-593A4C3AB167}.Debug|Any CPU.ActiveCfg = Debug|Any CPU
		{AA875F1D-C102-4988-80C6-593A4C3AB167}.Debug|Any CPU.Build.0 = Debug|Any CPU
		{AA875F1D-C102-4988-80C6-593A4C3AB167}.Release|Any CPU.ActiveCfg = Release|Any CPU
		{AA875F1D-C102-4988-80C6-593A4C3AB167}.Release|Any CPU.Build.0 = Release|Any CPU
		{688555C8-8916-46BD-9B04-447FC74E780C}.Debug|Any CPU.ActiveCfg = Debug|Any CPU
		{688555C8-8916-46BD-9B04-447FC74E780C}.Debug|Any CPU.Build.0 = Debug|Any CPU
		{688555C8-8916-46BD-9B04-447FC74E780C}.Release|Any CPU.ActiveCfg = Release|Any CPU
		{688555C8-8916-46BD-9B04-447FC74E780C}.Release|Any CPU.Build.0 = Release|Any CPU
		{AC80223A-A104-4720-B9FD-DFABE2565D5E}.Debug|Any CPU.ActiveCfg = Debug|Any CPU
		{AC80223A-A104-4720-B9FD-DFABE2565D5E}.Debug|Any CPU.Build.0 = Debug|Any CPU
		{AC80223A-A104-4720-B9FD-DFABE2565D5E}.Release|Any CPU.ActiveCfg = Release|Any CPU
		{AC80223A-A104-4720-B9FD-DFABE2565D5E}.Release|Any CPU.Build.0 = Release|Any CPU
	EndGlobalSection
	GlobalSection(SolutionProperties) = preSolution
		HideSolutionNode = FALSE
	EndGlobalSection
	GlobalSection(ExtensibilityGlobals) = postSolution
		SolutionGuid = {8B325BC0-BE79-4AE8-978A-56C2453A72CC}
	EndGlobalSection
EndGlobal
